{
    "name": "async-cacheify",
    "version": "1.1.0",
    "lockfileVersion": 1,
    "requires": true,
    "dependencies": {
        "param-to-string": {
            "version": "1.0.0",
            "resolved": "https://registry.npmjs.org/param-to-string/-/param-to-string-1.0.0.tgz",
            "integrity": "sha512-+zkXdCoh9HkGp+AE5QnHPDtq731/Pnnl2pCS9Tk0xfnBKDq96m6Hrfcf3LT0SxX6N+kxSEcwcfJF4L993KhDWw=="
        }
    }
}
