{
    "name": "async-cacheify",
    "version": "1.3.0",
    "lockfileVersion": 1,
    "requires": true,
    "dependencies": {
        "param-to-string": {
            "version": "1.2.0",
            "resolved": "https://registry.npmjs.org/param-to-string/-/param-to-string-1.2.0.tgz",
            "integrity": "sha512-O2F3WIPBOqJl3JXj3pLXA7CLTM2KcfRR6WEb0cdFxFII3HldTguid0KlH/zOKC1KKKyeq29xiEsWh0AGSVZuiQ=="
        }
    }
}
